// !$*UTF8*$!
{
	archiveVersion = 1;
	classes = {
	};
	objectVersion = 46;
	objects = {

/* Begin PBXBuildFile section */
		4824F6B31F11553F00A0A87A /* AppDelegate.swift in Sources */ = {isa = PBXBuildFile; fileRef = 4824F6B21F11553F00A0A87A /* AppDelegate.swift */; };
		4824F6B51F11553F00A0A87A /* ViewController.swift in Sources */ = {isa = PBXBuildFile; fileRef = 4824F6B41F11553F00A0A87A /* ViewController.swift */; };
		4824F6B81F11553F00A0A87A /* Main.storyboard in Resources */ = {isa = PBXBuildFile; fileRef = 4824F6B61F11553F00A0A87A /* Main.storyboard */; };
		4824F6BA1F11553F00A0A87A /* Assets.xcassets in Resources */ = {isa = PBXBuildFile; fileRef = 4824F6B91F11553F00A0A87A /* Assets.xcassets */; };
		4824F6BD1F11553F00A0A87A /* LaunchScreen.storyboard in Resources */ = {isa = PBXBuildFile; fileRef = 4824F6BB1F11553F00A0A87A /* LaunchScreen.storyboard */; };
		4824F6C81F11553F00A0A87A /* FaceItTests.swift in Sources */ = {isa = PBXBuildFile; fileRef = 4824F6C71F11553F00A0A87A /* FaceItTests.swift */; };
		4824F6D31F11554000A0A87A /* FaceItUITests.swift in Sources */ = {isa = PBXBuildFile; fileRef = 4824F6D21F11554000A0A87A /* FaceItUITests.swift */; };
		4824F6E21F1155FD00A0A87A /* FaceView.swift in Sources */ = {isa = PBXBuildFile; fileRef = 4824F6E11F1155FD00A0A87A /* FaceView.swift */; };
/* End PBXBuildFile section */

/* Begin PBXContainerItemProxy section */
		4824F6C41F11553F00A0A87A /* PBXContainerItemProxy */ = {
			isa = PBXContainerItemProxy;
			containerPortal = 4824F6A71F11553F00A0A87A /* Project object */;
			proxyType = 1;
			remoteGlobalIDString = 4824F6AE1F11553F00A0A87A;
			remoteInfo = FaceIt;
		};
		4824F6CF1F11553F00A0A87A /* PBXContainerItemProxy */ = {
			isa = PBXContainerItemProxy;
			containerPortal = 4824F6A71F11553F00A0A87A /* Project object */;
			proxyType = 1;
			remoteGlobalIDString = 4824F6AE1F11553F00A0A87A;
			remoteInfo = FaceIt;
		};
/* End PBXContainerItemProxy section */

/* Begin PBXFileReference section */
		4824F6AF1F11553F00A0A87A /* FaceIt.app */ = {isa = PBXFileReference; explicitFileType = wrapper.application; includeInIndex = 0; path = FaceIt.app; sourceTree = BUILT_PRODUCTS_DIR; };
		4824F6B21F11553F00A0A87A /* AppDelegate.swift */ = {isa = PBXFileReference; lastKnownFileType = sourcecode.swift; path = AppDelegate.swift; sourceTree = "<group>"; };
		4824F6B41F11553F00A0A87A /* ViewController.swift */ = {isa = PBXFileReference; lastKnownFileType = sourcecode.swift; path = ViewController.swift; sourceTree = "<group>"; };
		4824F6B71F11553F00A0A87A /* Base */ = {isa = PBXFileReference; lastKnownFileType = file.storyboard; name = Base; path = Base.lproj/Main.storyboard; sourceTree = "<group>"; };
		4824F6B91F11553F00A0A87A /* Assets.xcassets */ = {isa = PBXFileReference; lastKnownFileType = folder.assetcatalog; path = Assets.xcassets; sourceTree = "<group>"; };
		4824F6BC1F11553F00A0A87A /* Base */ = {isa = PBXFileReference; lastKnownFileType = file.storyboard; name = Base; path = Base.lproj/LaunchScreen.storyboard; sourceTree = "<group>"; };
		4824F6BE1F11553F00A0A87A /* Info.plist */ = {isa = PBXFileReference; lastKnownFileType = text.plist.xml; path = Info.plist; sourceTree = "<group>"; };
		4824F6C31F11553F00A0A87A /* FaceItTests.xctest */ = {isa = PBXFileReference; explicitFileType = wrapper.cfbundle; includeInIndex = 0; path = FaceItTests.xctest; sourceTree = BUILT_PRODUCTS_DIR; };
		4824F6C71F11553F00A0A87A /* FaceItTests.swift */ = {isa = PBXFileReference; lastKnownFileType = sourcecode.swift; path = FaceItTests.swift; sourceTree = "<group>"; };
		4824F6C91F11553F00A0A87A /* Info.plist */ = {isa = PBXFileReference; lastKnownFileType = text.plist.xml; path = Info.plist; sourceTree = "<group>"; };
		4824F6CE1F11553F00A0A87A /* FaceItUITests.xctest */ = {isa = PBXFileReference; explicitFileType = wrapper.cfbundle; includeInIndex = 0; path = FaceItUITests.xctest; sourceTree = BUILT_PRODUCTS_DIR; };
		4824F6D21F11554000A0A87A /* FaceItUITests.swift */ = {isa = PBXFileReference; lastKnownFileType = sourcecode.swift; path = FaceItUITests.swift; sourceTree = "<group>"; };
		4824F6D41F11554000A0A87A /* Info.plist */ = {isa = PBXFileReference; lastKnownFileType = text.plist.xml; path = Info.plist; sourceTree = "<group>"; };
		4824F6E11F1155FD00A0A87A /* FaceView.swift */ = {isa = PBXFileReference; fileEncoding = 4; lastKnownFileType = sourcecode.swift; path = FaceView.swift; sourceTree = "<group>"; };
/* End PBXFileReference section */

/* Begin PBXFrameworksBuildPhase section */
		4824F6AC1F11553F00A0A87A /* Frameworks */ = {
			isa = PBXFrameworksBuildPhase;
			buildActionMask = 2147483647;
			files = (
			);
			runOnlyForDeploymentPostprocessing = 0;
		};
		4824F6C01F11553F00A0A87A /* Frameworks */ = {
			isa = PBXFrameworksBuildPhase;
			buildActionMask = 2147483647;
			files = (
			);
			runOnlyForDeploymentPostprocessing = 0;
		};
		4824F6CB1F11553F00A0A87A /* Frameworks */ = {
			isa = PBXFrameworksBuildPhase;
			buildActionMask = 2147483647;
			files = (
			);
			runOnlyForDeploymentPostprocessing = 0;
		};
/* End PBXFrameworksBuildPhase section */

/* Begin PBXGroup section */
		4824F6A61F11553F00A0A87A = {
			isa = PBXGroup;
			children = (
				4824F6B11F11553F00A0A87A /* FaceIt */,
				4824F6C61F11553F00A0A87A /* FaceItTests */,
				4824F6D11F11553F00A0A87A /* FaceItUITests */,
				4824F6B01F11553F00A0A87A /* Products */,
			);
			sourceTree = "<group>";
		};
		4824F6B01F11553F00A0A87A /* Products */ = {
			isa = PBXGroup;
			children = (
				4824F6AF1F11553F00A0A87A /* FaceIt.app */,
				4824F6C31F11553F00A0A87A /* FaceItTests.xctest */,
				4824F6CE1F11553F00A0A87A /* FaceItUITests.xctest */,
			);
			name = Products;
			sourceTree = "<group>";
		};
		4824F6B11F11553F00A0A87A /* FaceIt */ = {
			isa = PBXGroup;
			children = (
				4824F6B41F11553F00A0A87A /* ViewController.swift */,
				4824F6E11F1155FD00A0A87A /* FaceView.swift */,
				4824F6B61F11553F00A0A87A /* Main.storyboard */,
				4824F6E01F11555400A0A87A /* Supporting Files */,
			);
			path = FaceIt;
			sourceTree = "<group>";
		};
		4824F6C61F11553F00A0A87A /* FaceItTests */ = {
			isa = PBXGroup;
			children = (
				4824F6C71F11553F00A0A87A /* FaceItTests.swift */,
				4824F6C91F11553F00A0A87A /* Info.plist */,
			);
			path = FaceItTests;
			sourceTree = "<group>";
		};
		4824F6D11F11553F00A0A87A /* FaceItUITests */ = {
			isa = PBXGroup;
			children = (
				4824F6D21F11554000A0A87A /* FaceItUITests.swift */,
				4824F6D41F11554000A0A87A /* Info.plist */,
			);
			path = FaceItUITests;
			sourceTree = "<group>";
		};
		4824F6E01F11555400A0A87A /* Supporting Files */ = {
			isa = PBXGroup;
			children = (
				4824F6B21F11553F00A0A87A /* AppDelegate.swift */,
				4824F6B91F11553F00A0A87A /* Assets.xcassets */,
				4824F6BB1F11553F00A0A87A /* LaunchScreen.storyboard */,
				4824F6BE1F11553F00A0A87A /* Info.plist */,
			);
			name = "Supporting Files";
			sourceTree = "<group>";
		};
/* End PBXGroup section */

/* Begin PBXNativeTarget section */
		4824F6AE1F11553F00A0A87A /* FaceIt */ = {
			isa = PBXNativeTarget;
			buildConfigurationList = 4824F6D71F11554000A0A87A /* Build configuration list for PBXNativeTarget "FaceIt" */;
			buildPhases = (
				4824F6AB1F11553F00A0A87A /* Sources */,
				4824F6AC1F11553F00A0A87A /* Frameworks */,
				4824F6AD1F11553F00A0A87A /* Resources */,
			);
			buildRules = (
			);
			dependencies = (
			);
			name = FaceIt;
			productName = FaceIt;
			productReference = 4824F6AF1F11553F00A0A87A /* FaceIt.app */;
			productType = "com.apple.product-type.application";
		};
		4824F6C21F11553F00A0A87A /* FaceItTests */ = {
			isa = PBXNativeTarget;
			buildConfigurationList = 4824F6DA1F11554000A0A87A /* Build configuration list for PBXNativeTarget "FaceItTests" */;
			buildPhases = (
				4824F6BF1F11553F00A0A87A /* Sources */,
				4824F6C01F11553F00A0A87A /* Frameworks */,
				4824F6C11F11553F00A0A87A /* Resources */,
			);
			buildRules = (
			);
			dependencies = (
				4824F6C51F11553F00A0A87A /* PBXTargetDependency */,
			);
			name = FaceItTests;
			productName = FaceItTests;
			productReference = 4824F6C31F11553F00A0A87A /* FaceItTests.xctest */;
			productType = "com.apple.product-type.bundle.unit-test";
		};
		4824F6CD1F11553F00A0A87A /* FaceItUITests */ = {
			isa = PBXNativeTarget;
			buildConfigurationList = 4824F6DD1F11554000A0A87A /* Build configuration list for PBXNativeTarget "FaceItUITests" */;
			buildPhases = (
				4824F6CA1F11553F00A0A87A /* Sources */,
				4824F6CB1F11553F00A0A87A /* Frameworks */,
				4824F6CC1F11553F00A0A87A /* Resources */,
			);
			buildRules = (
			);
			dependencies = (
				4824F6D01F11553F00A0A87A /* PBXTargetDependency */,
			);
			name = FaceItUITests;
			productName = FaceItUITests;
			productReference = 4824F6CE1F11553F00A0A87A /* FaceItUITests.xctest */;
			productType = "com.apple.product-type.bundle.ui-testing";
		};
/* End PBXNativeTarget section */

/* Begin PBXProject section */
		4824F6A71F11553F00A0A87A /* Project object */ = {
			isa = PBXProject;
			attributes = {
				LastSwiftUpdateCheck = 0830;
				LastUpgradeCheck = 0830;
				ORGANIZATIONNAME = "Aditya Bhat";
				TargetAttributes = {
					4824F6AE1F11553F00A0A87A = {
						CreatedOnToolsVersion = 8.3.3;
						DevelopmentTeam = 9JN3X82564;
						ProvisioningStyle = Automatic;
					};
					4824F6C21F11553F00A0A87A = {
						CreatedOnToolsVersion = 8.3.3;
						DevelopmentTeam = 9JN3X82564;
						ProvisioningStyle = Automatic;
						TestTargetID = 4824F6AE1F11553F00A0A87A;
					};
					4824F6CD1F11553F00A0A87A = {
						CreatedOnToolsVersion = 8.3.3;
						DevelopmentTeam = 9JN3X82564;
						ProvisioningStyle = Automatic;
						TestTargetID = 4824F6AE1F11553F00A0A87A;
					};
				};
			};
			buildConfigurationList = 4824F6AA1F11553F00A0A87A /* Build configuration list for PBXProject "FaceIt" */;
			compatibilityVersion = "Xcode 3.2";
			developmentRegion = English;
			hasScannedForEncodings = 0;
			knownRegions = (
				en,
				Base,
			);
			mainGroup = 4824F6A61F11553F00A0A87A;
			productRefGroup = 4824F6B01F11553F00A0A87A /* Products */;
			projectDirPath = "";
			projectRoot = "";
			targets = (
				4824F6AE1F11553F00A0A87A /* FaceIt */,
				4824F6C21F11553F00A0A87A /* FaceItTests */,
				4824F6CD1F11553F00A0A87A /* FaceItUITests */,
			);
		};
/* End PBXProject section */

/* Begin PBXResourcesBuildPhase section */
		4824F6AD1F11553F00A0A87A /* Resources */ = {
			isa = PBXResourcesBuildPhase;
			buildActionMask = 2147483647;
			files = (
				4824F6BD1F11553F00A0A87A /* LaunchScreen.storyboard in Resources */,
				4824F6BA1F11553F00A0A87A /* Assets.xcassets in Resources */,
				4824F6B81F11553F00A0A87A /* Main.storyboard in Resources */,
			);
			runOnlyForDeploymentPostprocessing = 0;
		};
		4824F6C11F11553F00A0A87A /* Resources */ = {
			isa = PBXResourcesBuildPhase;
			buildActionMask = 2147483647;
			files = (
			);
			runOnlyForDeploymentPostprocessing = 0;
		};
		4824F6CC1F11553F00A0A87A /* Resources */ = {
			isa = PBXResourcesBuildPhase;
			buildActionMask = 2147483647;
			files = (
			);
			runOnlyForDeploymentPostprocessing = 0;
		};
/* End PBXResourcesBuildPhase section */

/* Begin PBXSourcesBuildPhase section */
		4824F6AB1F11553F00A0A87A /* Sources */ = {
			isa = PBXSourcesBuildPhase;
			buildActionMask = 2147483647;
			files = (
				4824F6B51F11553F00A0A87A /* ViewController.swift in Sources */,
				4824F6B31F11553F00A0A87A /* AppDelegate.swift in Sources */,
				4824F6E21F1155FD00A0A87A /* FaceView.swift in Sources */,
			);
			runOnlyForDeploymentPostprocessing = 0;
		};
		4824F6BF1F11553F00A0A87A /* Sources */ = {
			isa = PBXSourcesBuildPhase;
			buildActionMask = 2147483647;
			files = (
				4824F6C81F11553F00A0A87A /* FaceItTests.swift in Sources */,
			);
			runOnlyForDeploymentPostprocessing = 0;
		};
		4824F6CA1F11553F00A0A87A /* Sources */ = {
			isa = PBXSourcesBuildPhase;
			buildActionMask = 2147483647;
			files = (
				4824F6D31F11554000A0A87A /* FaceItUITests.swift in Sources */,
			);
			runOnlyForDeploymentPostprocessing = 0;
		};
/* End PBXSourcesBuildPhase section */

/* Begin PBXTargetDependency section */
		4824F6C51F11553F00A0A87A /* PBXTargetDependency */ = {
			isa = PBXTargetDependency;
			target = 4824F6AE1F11553F00A0A87A /* FaceIt */;
			targetProxy = 4824F6C41F11553F00A0A87A /* PBXContainerItemProxy */;
		};
		4824F6D01F11553F00A0A87A /* PBXTargetDependency */ = {
			isa = PBXTargetDependency;
			target = 4824F6AE1F11553F00A0A87A /* FaceIt */;
			targetProxy = 4824F6CF1F11553F00A0A87A /* PBXContainerItemProxy */;
		};
/* End PBXTargetDependency section */

/* Begin PBXVariantGroup section */
		4824F6B61F11553F00A0A87A /* Main.storyboard */ = {
			isa = PBXVariantGroup;
			children = (
				4824F6B71F11553F00A0A87A /* Base */,
			);
			name = Main.storyboard;
			sourceTree = "<group>";
		};
		4824F6BB1F11553F00A0A87A /* LaunchScreen.storyboard */ = {
			isa = PBXVariantGroup;
			children = (
				4824F6BC1F11553F00A0A87A /* Base */,
			);
			name = LaunchScreen.storyboard;
			sourceTree = "<group>";
		};
/* End PBXVariantGroup section */

/* Begin XCBuildConfiguration section */
		4824F6D51F11554000A0A87A /* Debug */ = {
			isa = XCBuildConfiguration;
			buildSettings = {
				ALWAYS_SEARCH_USER_PATHS = NO;
				CLANG_ANALYZER_NONNULL = YES;
				CLANG_ANALYZER_NUMBER_OBJECT_CONVERSION = YES_AGGRESSIVE;
				CLANG_CXX_LANGUAGE_STANDARD = "gnu++0x";
				CLANG_CXX_LIBRARY = "libc++";
				CLANG_ENABLE_MODULES = YES;
				CLANG_ENABLE_OBJC_ARC = YES;
				CLANG_WARN_BOOL_CONVERSION = YES;
				CLANG_WARN_CONSTANT_CONVERSION = YES;
				CLANG_WARN_DIRECT_OBJC_ISA_USAGE = YES_ERROR;
				CLANG_WARN_DOCUMENTATION_COMMENTS = YES;
				CLANG_WARN_EMPTY_BODY = YES;
				CLANG_WARN_ENUM_CONVERSION = YES;
				CLANG_WARN_INFINITE_RECURSION = YES;
				CLANG_WARN_INT_CONVERSION = YES;
				CLANG_WARN_OBJC_ROOT_CLASS = YES_ERROR;
				CLANG_WARN_SUSPICIOUS_MOVE = YES;
				CLANG_WARN_UNREACHABLE_CODE = YES;
				CLANG_WARN__DUPLICATE_METHOD_MATCH = YES;
				"CODE_SIGN_IDENTITY[sdk=iphoneos*]" = "iPhone Developer";
				COPY_PHASE_STRIP = NO;
				DEBUG_INFORMATION_FORMAT = dwarf;
				ENABLE_STRICT_OBJC_MSGSEND = YES;
				ENABLE_TESTABILITY = YES;
				GCC_C_LANGUAGE_STANDARD = gnu99;
				GCC_DYNAMIC_NO_PIC = NO;
				GCC_NO_COMMON_BLOCKS = YES;
				GCC_OPTIMIZATION_LEVEL = 0;
				GCC_PREPROCESSOR_DEFINITIONS = (
					"DEBUG=1",
					"$(inherited)",
				);
				GCC_WARN_64_TO_32_BIT_CONVERSION = YES;
				GCC_WARN_ABOUT_RETURN_TYPE = YES_ERROR;
				GCC_WARN_UNDECLARED_SELECTOR = YES;
				GCC_WARN_UNINITIALIZED_AUTOS = YES_AGGRESSIVE;
				GCC_WARN_UNUSED_FUNCTION = YES;
				GCC_WARN_UNUSED_VARIABLE = YES;
				IPHONEOS_DEPLOYMENT_TARGET = 10.3;
				MTL_ENABLE_DEBUG_INFO = YES;
				ONLY_ACTIVE_ARCH = YES;
				SDKROOT = iphoneos;
				SWIFT_ACTIVE_COMPILATION_CONDITIONS = DEBUG;
				SWIFT_OPTIMIZATION_LEVEL = "-Onone";
				TARGETED_DEVICE_FAMILY = "1,2";
			};
			name = Debug;
		};
		4824F6D61F11554000A0A87A /* Release */ = {
			isa = XCBuildConfiguration;
			buildSettings = {
				ALWAYS_SEARCH_USER_PATHS = NO;
				CLANG_ANALYZER_NONNULL = YES;
				CLANG_ANALYZER_NUMBER_OBJECT_CONVERSION = YES_AGGRESSIVE;
				CLANG_CXX_LANGUAGE_STANDARD = "gnu++0x";
				CLANG_CXX_LIBRARY = "libc++";
				CLANG_ENABLE_MODULES = YES;
				CLANG_ENABLE_OBJC_ARC = YES;
				CLANG_WARN_BOOL_CONVERSION = YES;
				CLANG_WARN_CONSTANT_CONVERSION = YES;
				CLANG_WARN_DIRECT_OBJC_ISA_USAGE = YES_ERROR;
				CLANG_WARN_DOCUMENTATION_COMMENTS = YES;
				CLANG_WARN_EMPTY_BODY = YES;
				CLANG_WARN_ENUM_CONVERSION = YES;
				CLANG_WARN_INFINITE_RECURSION = YES;
				CLANG_WARN_INT_CONVERSION = YES;
				CLANG_WARN_OBJC_ROOT_CLASS = YES_ERROR;
				CLANG_WARN_SUSPICIOUS_MOVE = YES;
				CLANG_WARN_UNREACHABLE_CODE = YES;
				CLANG_WARN__DUPLICATE_METHOD_MATCH = YES;
				"CODE_SIGN_IDENTITY[sdk=iphoneos*]" = "iPhone Developer";
				COPY_PHASE_STRIP = NO;
				DEBUG_INFORMATION_FORMAT = "dwarf-with-dsym";
				ENABLE_NS_ASSERTIONS = NO;
				ENABLE_STRICT_OBJC_MSGSEND = YES;
				GCC_C_LANGUAGE_STANDARD = gnu99;
				GCC_NO_COMMON_BLOCKS = YES;
				GCC_WARN_64_TO_32_BIT_CONVERSION = YES;
				GCC_WARN_ABOUT_RETURN_TYPE = YES_ERROR;
				GCC_WARN_UNDECLARED_SELECTOR = YES;
				GCC_WARN_UNINITIALIZED_AUTOS = YES_AGGRESSIVE;
				GCC_WARN_UNUSED_FUNCTION = YES;
				GCC_WARN_UNUSED_VARIABLE = YES;
				IPHONEOS_DEPLOYMENT_TARGET = 10.3;
				MTL_ENABLE_DEBUG_INFO = NO;
				SDKROOT = iphoneos;
				SWIFT_OPTIMIZATION_LEVEL = "-Owholemodule";
				TARGETED_DEVICE_FAMILY = "1,2";
				VALIDATE_PRODUCT = YES;
			};
			name = Release;
		};
		4824F6D81F11554000A0A87A /* Debug */ = {
			isa = XCBuildConfiguration;
			buildSettings = {
				ASSETCATALOG_COMPILER_APPICON_NAME = AppIcon;
				DEVELOPMENT_TEAM = 9JN3X82564;
				INFOPLIST_FILE = FaceIt/Info.plist;
				LD_RUNPATH_SEARCH_PATHS = "$(inherited) @executable_path/Frameworks";
				PRODUCT_BUNDLE_IDENTIFIER = diddly.bot.studios.FaceIt;
				PRODUCT_NAME = "$(TARGET_NAME)";
				SWIFT_VERSION = 3.0;
			};
			name = Debug;
		};
		4824F6D91F11554000A0A87A /* Release */ = {
			isa = XCBuildConfiguration;
			buildSettings = {
				ASSETCATALOG_COMPILER_APPICON_NAME = AppIcon;
				DEVELOPMENT_TEAM = 9JN3X82564;
				INFOPLIST_FILE = FaceIt/Info.plist;
				LD_RUNPATH_SEARCH_PATHS = "$(inherited) @executable_path/Frameworks";
				PRODUCT_BUNDLE_IDENTIFIER = diddly.bot.studios.FaceIt;
				PRODUCT_NAME = "$(TARGET_NAME)";
				SWIFT_VERSION = 3.0;
			};
			name = Release;
		};
		4824F6DB1F11554000A0A87A /* Debug */ = {
			isa = XCBuildConfiguration;
			buildSettings = {
				ALWAYS_EMBED_SWIFT_STANDARD_LIBRARIES = YES;
				BUNDLE_LOADER = "$(TEST_HOST)";
				DEVELOPMENT_TEAM = 9JN3X82564;
				INFOPLIST_FILE = FaceItTests/Info.plist;
				LD_RUNPATH_SEARCH_PATHS = "$(inherited) @executable_path/Frameworks @loader_path/Frameworks";
				PRODUCT_BUNDLE_IDENTIFIER = diddly.bot.studios.FaceItTests;
				PRODUCT_NAME = "$(TARGET_NAME)";
				SWIFT_VERSION = 3.0;
				TEST_HOST = "$(BUILT_PRODUCTS_DIR)/FaceIt.app/FaceIt";
			};
			name = Debug;
		};
		4824F6DC1F11554000A0A87A /* Release */ = {
			isa = XCBuildConfiguration;
			buildSettings = {
				ALWAYS_EMBED_SWIFT_STANDARD_LIBRARIES = YES;
				BUNDLE_LOADER = "$(TEST_HOST)";
				DEVELOPMENT_TEAM = 9JN3X82564;
				INFOPLIST_FILE = FaceItTests/Info.plist;
				LD_RUNPATH_SEARCH_PATHS = "$(inherited) @executable_path/Frameworks @loader_path/Frameworks";
				PRODUCT_BUNDLE_IDENTIFIER = diddly.bot.studios.FaceItTests;
				PRODUCT_NAME = "$(TARGET_NAME)";
				SWIFT_VERSION = 3.0;
				TEST_HOST = "$(BUILT_PRODUCTS_DIR)/FaceIt.app/FaceIt";
			};
			name = Release;
		};
		4824F6DE1F11554000A0A87A /* Debug */ = {
			isa = XCBuildConfiguration;
			buildSettings = {
				ALWAYS_EMBED_SWIFT_STANDARD_LIBRARIES = YES;
				DEVELOPMENT_TEAM = 9JN3X82564;
				INFOPLIST_FILE = FaceItUITests/Info.plist;
				LD_RUNPATH_SEARCH_PATHS = "$(inherited) @executable_path/Frameworks @loader_path/Frameworks";
				PRODUCT_BUNDLE_IDENTIFIER = diddly.bot.studios.FaceItUITests;
				PRODUCT_NAME = "$(TARGET_NAME)";
				SWIFT_VERSION = 3.0;
				TEST_TARGET_NAME = FaceIt;
			};
			name = Debug;
		};
		4824F6DF1F11554000A0A87A /* Release */ = {
			isa = XCBuildConfiguration;
			buildSettings = {
				ALWAYS_EMBED_SWIFT_STANDARD_LIBRARIES = YES;
				DEVELOPMENT_TEAM = 9JN3X82564;
				INFOPLIST_FILE = FaceItUITests/Info.plist;
				LD_RUNPATH_SEARCH_PATHS = "$(inherited) @executable_path/Frameworks @loader_path/Frameworks";
				PRODUCT_BUNDLE_IDENTIFIER = diddly.bot.studios.FaceItUITests;
				PRODUCT_NAME = "$(TARGET_NAME)";
				SWIFT_VERSION = 3.0;
				TEST_TARGET_NAME = FaceIt;
			};
			name = Release;
		};
/* End XCBuildConfiguration section */

/* Begin XCConfigurationList section */
		4824F6AA1F11553F00A0A87A /* Build configuration list for PBXProject "FaceIt" */ = {
			isa = XCConfigurationList;
			buildConfigurations = (
				4824F6D51F11554000A0A87A /* Debug */,
				4824F6D61F11554000A0A87A /* Release */,
			);
			defaultConfigurationIsVisible = 0;
			defaultConfigurationName = Release;
		};
		4824F6D71F11554000A0A87A /* Build configuration list for PBXNativeTarget "FaceIt" */ = {
			isa = XCConfigurationList;
			buildConfigurations = (
				4824F6D81F11554000A0A87A /* Debug */,
				4824F6D91F11554000A0A87A /* Release */,
			);
			defaultConfigurationIsVisible = 0;
		};
		4824F6DA1F11554000A0A87A /* Build configuration list for PBXNativeTarget "FaceItTests" */ = {
			isa = XCConfigurationList;
			buildConfigurations = (
				4824F6DB1F11554000A0A87A /* Debug */,
				4824F6DC1F11554000A0A87A /* Release */,
			);
			defaultConfigurationIsVisible = 0;
		};
		4824F6DD1F11554000A0A87A /* Build configuration list for PBXNativeTarget "FaceItUITests" */ = {
			isa = XCConfigurationList;
			buildConfigurations = (
				4824F6DE1F11554000A0A87A /* Debug */,
				4824F6DF1F11554000A0A87A /* Release */,
			);
			defaultConfigurationIsVisible = 0;
		};
/* End XCConfigurationList section */
	};
	rootObject = 4824F6A71F11553F00A0A87A /* Project object */;
}
